{
  "nodes": {
    "nixpkgs": {
      "locked": {
        "lastModified": 1736111180,
        "narHash": "sha256-D/qQRj5icy3dGqxex1jyWysH6Ws4EwTWv00QuiXd44s=",
        "owner": "NixOS",
        "repo": "nixpkgs",
        "rev": "2af6f0e8ff6d3bb712fe7455b134ee2ede0b92df",
        "type": "github"
      },
      "original": {
        "owner": "NixOS",
        "repo": "nixpkgs",
        "type": "github"
      }
    },
    "root": {
      "inputs": {
        "nixpkgs": "nixpkgs"
      }
    }
  },
  "root": "root",
  "version": 7
}
